// !$*UTF8*$!
{
	archiveVersion = 1;
	classes = {
	};
	objectVersion = 48;
	objects = {

/* Begin PBXBuildFile section */
		F42B79101F6C0B85007D3CDD /* AppDelegate.swift in Sources */ = {isa = PBXBuildFile; fileRef = F42B790F1F6C0B85007D3CDD /* AppDelegate.swift */; };
		F42B79121F6C0B85007D3CDD /* ViewController.swift in Sources */ = {isa = PBXBuildFile; fileRef = F42B79111F6C0B85007D3CDD /* ViewController.swift */; };
		F42B79151F6C0B85007D3CDD /* Main.storyboard in Resources */ = {isa = PBXBuildFile; fileRef = F42B79131F6C0B85007D3CDD /* Main.storyboard */; };
		F42B79171F6C0B85007D3CDD /* Assets.xcassets in Resources */ = {isa = PBXBuildFile; fileRef = F42B79161F6C0B85007D3CDD /* Assets.xcassets */; };
		F42B791A1F6C0B85007D3CDD /* LaunchScreen.storyboard in Resources */ = {isa = PBXBuildFile; fileRef = F42B79181F6C0B85007D3CDD /* LaunchScreen.storyboard */; };
		F42B79221F6C0C34007D3CDD /* SlideToControl.swift in Sources */ = {isa = PBXBuildFile; fileRef = F42B79211F6C0C34007D3CDD /* SlideToControl.swift */; };
		F42B79241F6C0C55007D3CDD /* SlideToControl.xib in Resources */ = {isa = PBXBuildFile; fileRef = F42B79231F6C0C55007D3CDD /* SlideToControl.xib */; };
/* End PBXBuildFile section */

/* Begin PBXFileReference section */
		F42B790C1F6C0B85007D3CDD /* SlideTo.app */ = {isa = PBXFileReference; explicitFileType = wrapper.application; includeInIndex = 0; path = SlideTo.app; sourceTree = BUILT_PRODUCTS_DIR; };
		F42B790F1F6C0B85007D3CDD /* AppDelegate.swift */ = {isa = PBXFileReference; lastKnownFileType = sourcecode.swift; path = AppDelegate.swift; sourceTree = "<group>"; };
		F42B79111F6C0B85007D3CDD /* ViewController.swift */ = {isa = PBXFileReference; lastKnownFileType = sourcecode.swift; path = ViewController.swift; sourceTree = "<group>"; };
		F42B79141F6C0B85007D3CDD /* Base */ = {isa = PBXFileReference; lastKnownFileType = file.storyboard; name = Base; path = Base.lproj/Main.storyboard; sourceTree = "<group>"; };
		F42B79161F6C0B85007D3CDD /* Assets.xcassets */ = {isa = PBXFileReference; lastKnownFileType = folder.assetcatalog; path = Assets.xcassets; sourceTree = "<group>"; };
		F42B79191F6C0B85007D3CDD /* Base */ = {isa = PBXFileReference; lastKnownFileType = file.storyboard; name = Base; path = Base.lproj/LaunchScreen.storyboard; sourceTree = "<group>"; };
		F42B791B1F6C0B85007D3CDD /* Info.plist */ = {isa = PBXFileReference; lastKnownFileType = text.plist.xml; path = Info.plist; sourceTree = "<group>"; };
		F42B79211F6C0C34007D3CDD /* SlideToControl.swift */ = {isa = PBXFileReference; lastKnownFileType = sourcecode.swift; path = SlideToControl.swift; sourceTree = "<group>"; };
		F42B79231F6C0C55007D3CDD /* SlideToControl.xib */ = {isa = PBXFileReference; lastKnownFileType = file.xib; path = SlideToControl.xib; sourceTree = "<group>"; };
/* End PBXFileReference section */

/* Begin PBXFrameworksBuildPhase section */
		F42B79091F6C0B85007D3CDD /* Frameworks */ = {
			isa = PBXFrameworksBuildPhase;
			buildActionMask = 2147483647;
			files = (
			);
			runOnlyForDeploymentPostprocessing = 0;
		};
/* End PBXFrameworksBuildPhase section */

/* Begin PBXGroup section */
		F42B79031F6C0B85007D3CDD = {
			isa = PBXGroup;
			children = (
				F42B790E1F6C0B85007D3CDD /* SlideTo */,
				F42B790D1F6C0B85007D3CDD /* Products */,
			);
			sourceTree = "<group>";
		};
		F42B790D1F6C0B85007D3CDD /* Products */ = {
			isa = PBXGroup;
			children = (
				F42B790C1F6C0B85007D3CDD /* SlideTo.app */,
			);
			name = Products;
			sourceTree = "<group>";
		};
		F42B790E1F6C0B85007D3CDD /* SlideTo */ = {
			isa = PBXGroup;
			children = (
				F42B790F1F6C0B85007D3CDD /* AppDelegate.swift */,
				F42B79111F6C0B85007D3CDD /* ViewController.swift */,
				F42B79211F6C0C34007D3CDD /* SlideToControl.swift */,
				F42B79131F6C0B85007D3CDD /* Main.storyboard */,
				F42B79231F6C0C55007D3CDD /* SlideToControl.xib */,
				F42B79161F6C0B85007D3CDD /* Assets.xcassets */,
				F42B79181F6C0B85007D3CDD /* LaunchScreen.storyboard */,
				F42B791B1F6C0B85007D3CDD /* Info.plist */,
			);
			path = SlideTo;
			sourceTree = "<group>";
		};
/* End PBXGroup section */

/* Begin PBXNativeTarget section */
		F42B790B1F6C0B85007D3CDD /* SlideTo */ = {
			isa = PBXNativeTarget;
			buildConfigurationList = F42B791E1F6C0B85007D3CDD /* Build configuration list for PBXNativeTarget "SlideTo" */;
			buildPhases = (
				F42B79081F6C0B85007D3CDD /* Sources */,
				F42B79091F6C0B85007D3CDD /* Frameworks */,
				F42B790A1F6C0B85007D3CDD /* Resources */,
			);
			buildRules = (
			);
			dependencies = (
			);
			name = SlideTo;
			productName = SlideTo;
			productReference = F42B790C1F6C0B85007D3CDD /* SlideTo.app */;
			productType = "com.apple.product-type.application";
		};
/* End PBXNativeTarget section */

/* Begin PBXProject section */
		F42B79041F6C0B85007D3CDD /* Project object */ = {
			isa = PBXProject;
			attributes = {
				LastSwiftUpdateCheck = 0900;
				LastUpgradeCheck = 0900;
				ORGANIZATIONNAME = "Christian Moler";
				TargetAttributes = {
					F42B790B1F6C0B85007D3CDD = {
						CreatedOnToolsVersion = 9.0;
						ProvisioningStyle = Automatic;
					};
				};
			};
			buildConfigurationList = F42B79071F6C0B85007D3CDD /* Build configuration list for PBXProject "SlideTo" */;
			compatibilityVersion = "Xcode 8.0";
			developmentRegion = en;
			hasScannedForEncodings = 0;
			knownRegions = (
				en,
				Base,
			);
			mainGroup = F42B79031F6C0B85007D3CDD;
			productRefGroup = F42B790D1F6C0B85007D3CDD /* Products */;
			projectDirPath = "";
			projectRoot = "";
			targets = (
				F42B790B1F6C0B85007D3CDD /* SlideTo */,
			);
		};
/* End PBXProject section */

/* Begin PBXResourcesBuildPhase section */
		F42B790A1F6C0B85007D3CDD /* Resources */ = {
			isa = PBXResourcesBuildPhase;
			buildActionMask = 2147483647;
			files = (
				F42B79241F6C0C55007D3CDD /* SlideToControl.xib in Resources */,
				F42B791A1F6C0B85007D3CDD /* LaunchScreen.storyboard in Resources */,
				F42B79171F6C0B85007D3CDD /* Assets.xcassets in Resources */,
				F42B79151F6C0B85007D3CDD /* Main.storyboard in Resources */,
			);
			runOnlyForDeploymentPostprocessing = 0;
		};
/* End PBXResourcesBuildPhase section */

/* Begin PBXSourcesBuildPhase section */
		F42B79081F6C0B85007D3CDD /* Sources */ = {
			isa = PBXSourcesBuildPhase;
			buildActionMask = 2147483647;
			files = (
				F42B79121F6C0B85007D3CDD /* ViewController.swift in Sources */,
				F42B79221F6C0C34007D3CDD /* SlideToControl.swift in Sources */,
				F42B79101F6C0B85007D3CDD /* AppDelegate.swift in Sources */,
			);
			runOnlyForDeploymentPostprocessing = 0;
		};
/* End PBXSourcesBuildPhase section */

/* Begin PBXVariantGroup section */
		F42B79131F6C0B85007D3CDD /* Main.storyboard */ = {
			isa = PBXVariantGroup;
			children = (
				F42B79141F6C0B85007D3CDD /* Base */,
			);
			name = Main.storyboard;
			sourceTree = "<group>";
		};
		F42B79181F6C0B85007D3CDD /* LaunchScreen.storyboard */ = {
			isa = PBXVariantGroup;
			children = (
				F42B79191F6C0B85007D3CDD /* Base */,
			);
			name = LaunchScreen.storyboard;
			sourceTree = "<group>";
		};
/* End PBXVariantGroup section */

/* Begin XCBuildConfiguration section */
		F42B791C1F6C0B85007D3CDD /* Debug */ = {
			isa = XCBuildConfiguration;
			buildSettings = {
				ALWAYS_SEARCH_USER_PATHS = NO;
				CLANG_ANALYZER_NONNULL = YES;
				CLANG_ANALYZER_NUMBER_OBJECT_CONVERSION = YES_AGGRESSIVE;
				CLANG_CXX_LANGUAGE_STANDARD = "gnu++14";
				CLANG_CXX_LIBRARY = "libc++";
				CLANG_ENABLE_MODULES = YES;
				CLANG_ENABLE_OBJC_ARC = YES;
				CLANG_WARN_BLOCK_CAPTURE_AUTORELEASING = YES;
				CLANG_WARN_BOOL_CONVERSION = YES;
				CLANG_WARN_COMMA = YES;
				CLANG_WARN_CONSTANT_CONVERSION = YES;
				CLANG_WARN_DIRECT_OBJC_ISA_USAGE = YES_ERROR;
				CLANG_WARN_DOCUMENTATION_COMMENTS = YES;
				CLANG_WARN_EMPTY_BODY = YES;
				CLANG_WARN_ENUM_CONVERSION = YES;
				CLANG_WARN_INFINITE_RECURSION = YES;
				CLANG_WARN_INT_CONVERSION = YES;
				CLANG_WARN_NON_LITERAL_NULL_CONVERSION = YES;
				CLANG_WARN_OBJC_LITERAL_CONVERSION = YES;
				CLANG_WARN_OBJC_ROOT_CLASS = YES_ERROR;
				CLANG_WARN_RANGE_LOOP_ANALYSIS = YES;
				CLANG_WARN_STRICT_PROTOTYPES = YES;
				CLANG_WARN_SUSPICIOUS_MOVE = YES;
				CLANG_WARN_UNGUARDED_AVAILABILITY = YES_AGGRESSIVE;
				CLANG_WARN_UNREACHABLE_CODE = YES;
				CLANG_WARN__DUPLICATE_METHOD_MATCH = YES;
				CODE_SIGN_IDENTITY = "iPhone Developer";
				COPY_PHASE_STRIP = NO;
				DEBUG_INFORMATION_FORMAT = dwarf;
				ENABLE_STRICT_OBJC_MSGSEND = YES;
				ENABLE_TESTABILITY = YES;
				GCC_C_LANGUAGE_STANDARD = gnu11;
				GCC_DYNAMIC_NO_PIC = NO;
				GCC_NO_COMMON_BLOCKS = YES;
				GCC_OPTIMIZATION_LEVEL = 0;
				GCC_PREPROCESSOR_DEFINITIONS = (
					"DEBUG=1",
					"$(inherited)",
				);
				GCC_WARN_64_TO_32_BIT_CONVERSION = YES;
				GCC_WARN_ABOUT_RETURN_TYPE = YES_ERROR;
				GCC_WARN_UNDECLARED_SELECTOR = YES;
				GCC_WARN_UNINITIALIZED_AUTOS = YES_AGGRESSIVE;
				GCC_WARN_UNUSED_FUNCTION = YES;
				GCC_WARN_UNUSED_VARIABLE = YES;
				IPHONEOS_DEPLOYMENT_TARGET = 11.0;
				MTL_ENABLE_DEBUG_INFO = YES;
				ONLY_ACTIVE_ARCH = YES;
				SDKROOT = iphoneos;
				SWIFT_ACTIVE_COMPILATION_CONDITIONS = DEBUG;
				SWIFT_OPTIMIZATION_LEVEL = "-Onone";
			};
			name = Debug;
		};
		F42B791D1F6C0B85007D3CDD /* Release */ = {
			isa = XCBuildConfiguration;
			buildSettings = {
				ALWAYS_SEARCH_USER_PATHS = NO;
				CLANG_ANALYZER_NONNULL = YES;
				CLANG_ANALYZER_NUMBER_OBJECT_CONVERSION = YES_AGGRESSIVE;
				CLANG_CXX_LANGUAGE_STANDARD = "gnu++14";
				CLANG_CXX_LIBRARY = "libc++";
				CLANG_ENABLE_MODULES = YES;
				CLANG_ENABLE_OBJC_ARC = YES;
				CLANG_WARN_BLOCK_CAPTURE_AUTORELEASING = YES;
				CLANG_WARN_BOOL_CONVERSION = YES;
				CLANG_WARN_COMMA = YES;
				CLANG_WARN_CONSTANT_CONVERSION = YES;
				CLANG_WARN_DIRECT_OBJC_ISA_USAGE = YES_ERROR;
				CLANG_WARN_DOCUMENTATION_COMMENTS = YES;
				CLANG_WARN_EMPTY_BODY = YES;
				CLANG_WARN_ENUM_CONVERSION = YES;
				CLANG_WARN_INFINITE_RECURSION = YES;
				CLANG_WARN_INT_CONVERSION = YES;
				CLANG_WARN_NON_LITERAL_NULL_CONVERSION = YES;
				CLANG_WARN_OBJC_LITERAL_CONVERSION = YES;
				CLANG_WARN_OBJC_ROOT_CLASS = YES_ERROR;
				CLANG_WARN_RANGE_LOOP_ANALYSIS = YES;
				CLANG_WARN_STRICT_PROTOTYPES = YES;
				CLANG_WARN_SUSPICIOUS_MOVE = YES;
				CLANG_WARN_UNGUARDED_AVAILABILITY = YES_AGGRESSIVE;
				CLANG_WARN_UNREACHABLE_CODE = YES;
				CLANG_WARN__DUPLICATE_METHOD_MATCH = YES;
				CODE_SIGN_IDENTITY = "iPhone Developer";
				COPY_PHASE_STRIP = NO;
				DEBUG_INFORMATION_FORMAT = "dwarf-with-dsym";
				ENABLE_NS_ASSERTIONS = NO;
				ENABLE_STRICT_OBJC_MSGSEND = YES;
				GCC_C_LANGUAGE_STANDARD = gnu11;
				GCC_NO_COMMON_BLOCKS = YES;
				GCC_WARN_64_TO_32_BIT_CONVERSION = YES;
				GCC_WARN_ABOUT_RETURN_TYPE = YES_ERROR;
				GCC_WARN_UNDECLARED_SELECTOR = YES;
				GCC_WARN_UNINITIALIZED_AUTOS = YES_AGGRESSIVE;
				GCC_WARN_UNUSED_FUNCTION = YES;
				GCC_WARN_UNUSED_VARIABLE = YES;
				IPHONEOS_DEPLOYMENT_TARGET = 11.0;
				MTL_ENABLE_DEBUG_INFO = NO;
				SDKROOT = iphoneos;
				SWIFT_OPTIMIZATION_LEVEL = "-Owholemodule";
				VALIDATE_PRODUCT = YES;
			};
			name = Release;
		};
		F42B791F1F6C0B85007D3CDD /* Debug */ = {
			isa = XCBuildConfiguration;
			buildSettings = {
				ASSETCATALOG_COMPILER_APPICON_NAME = AppIcon;
				CODE_SIGN_STYLE = Automatic;
				DEVELOPMENT_TEAM = NR9L6XUP37;
				INFOPLIST_FILE = SlideTo/Info.plist;
				IPHONEOS_DEPLOYMENT_TARGET = 9.0;
				LD_RUNPATH_SEARCH_PATHS = "$(inherited) @executable_path/Frameworks";
				PRODUCT_BUNDLE_IDENTIFIER = com.SlideTo;
				PRODUCT_NAME = "$(TARGET_NAME)";
				SWIFT_VERSION = 4.0;
				TARGETED_DEVICE_FAMILY = "1,2";
			};
			name = Debug;
		};
		F42B79201F6C0B85007D3CDD /* Release */ = {
			isa = XCBuildConfiguration;
			buildSettings = {
				ASSETCATALOG_COMPILER_APPICON_NAME = AppIcon;
				CODE_SIGN_STYLE = Automatic;
				DEVELOPMENT_TEAM = NR9L6XUP37;
				INFOPLIST_FILE = SlideTo/Info.plist;
				IPHONEOS_DEPLOYMENT_TARGET = 9.0;
				LD_RUNPATH_SEARCH_PATHS = "$(inherited) @executable_path/Frameworks";
				PRODUCT_BUNDLE_IDENTIFIER = com.SlideTo;
				PRODUCT_NAME = "$(TARGET_NAME)";
				SWIFT_VERSION = 4.0;
				TARGETED_DEVICE_FAMILY = "1,2";
			};
			name = Release;
		};
/* End XCBuildConfiguration section */

/* Begin XCConfigurationList section */
		F42B79071F6C0B85007D3CDD /* Build configuration list for PBXProject "SlideTo" */ = {
			isa = XCConfigurationList;
			buildConfigurations = (
				F42B791C1F6C0B85007D3CDD /* Debug */,
				F42B791D1F6C0B85007D3CDD /* Release */,
			);
			defaultConfigurationIsVisible = 0;
			defaultConfigurationName = Release;
		};
		F42B791E1F6C0B85007D3CDD /* Build configuration list for PBXNativeTarget "SlideTo" */ = {
			isa = XCConfigurationList;
			buildConfigurations = (
				F42B791F1F6C0B85007D3CDD /* Debug */,
				F42B79201F6C0B85007D3CDD /* Release */,
			);
			defaultConfigurationIsVisible = 0;
			defaultConfigurationName = Release;
		};
/* End XCConfigurationList section */
	};
	rootObject = F42B79041F6C0B85007D3CDD /* Project object */;
}
